
Microsoft Visual Studio Solution File, Format Version 12.00
# Visual Studio Version 17
VisualStudioVersion = 17.10.35027.167
MinimumVisualStudioVersion = 10.0.40219.1
Project("{FAE04EC0-301F-11D3-BF4B-00C04F79EFBC}") = "ProjectBookingApp", "ProjectBookingApp\ProjectBookingApp.csproj", "{A1098447-7D1F-4A98-8351-D70F1EF0A5A0}"
EndProject
Global
	GlobalSection(SolutionConfigurationPlatforms) = preSolution
		Debug|Any CPU = Debug|Any CPU
		Release|Any CPU = Release|Any CPU
	EndGlobalSection
	GlobalSection(ProjectConfigurationPlatforms) = postSolution
		{A1098447-7D1F-4A98-8351-D70F1EF0A5A0}.Debug|Any CPU.ActiveCfg = Debug|Any CPU
		{A1098447-7D1F-4A98-8351-D70F1EF0A5A0}.Debug|Any CPU.Build.0 = Debug|Any CPU
		{A1098447-7D1F-4A98-8351-D70F1EF0A5A0}.Debug|Any CPU.Deploy.0 = Debug|Any CPU
		{A1098447-7D1F-4A98-8351-D70F1EF0A5A0}.Release|Any CPU.ActiveCfg = Release|Any CPU
		{A1098447-7D1F-4A98-8351-D70F1EF0A5A0}.Release|Any CPU.Build.0 = Release|Any CPU
		{A1098447-7D1F-4A98-8351-D70F1EF0A5A0}.Release|Any CPU.Deploy.0 = Release|Any CPU
	EndGlobalSection
	GlobalSection(SolutionProperties) = preSolution
		HideSolutionNode = FALSE
	EndGlobalSection
	GlobalSection(ExtensibilityGlobals) = postSolution
		SolutionGuid = {D0BC8211-4D49-46CC-92E3-E0E37ADD6538}
	EndGlobalSection
EndGlobal
